
Microsoft Visual Studio Solution File, Format Version 12.00
# Visual Studio Version 17
VisualStudioVersion = 17.7.34202.233
MinimumVisualStudioVersion = 10.0.40219.1
Project("{FAE04EC0-301F-11D3-BF4B-00C04F79EFBC}") = "OpenAi_Assistant", "OpenAi_Assistant\OpenAi_Assistant.csproj", "{4F52064D-864E-4293-B3C9-5FD85F17BB6A}"
EndProject
Global
	GlobalSection(SolutionConfigurationPlatforms) = preSolution
		Debug|Any CPU = Debug|Any CPU
		Release|Any CPU = Release|Any CPU
	EndGlobalSection
	GlobalSection(ProjectConfigurationPlatforms) = postSolution
		{4F52064D-864E-4293-B3C9-5FD85F17BB6A}.Debug|Any CPU.ActiveCfg = Debug|Any CPU
		{4F52064D-864E-4293-B3C9-5FD85F17BB6A}.Debug|Any CPU.Build.0 = Debug|Any CPU
		{4F52064D-864E-4293-B3C9-5FD85F17BB6A}.Release|Any CPU.ActiveCfg = Release|Any CPU
		{4F52064D-864E-4293-B3C9-5FD85F17BB6A}.Release|Any CPU.Build.0 = Release|Any CPU
	EndGlobalSection
	GlobalSection(SolutionProperties) = preSolution
		HideSolutionNode = FALSE
	EndGlobalSection
	GlobalSection(ExtensibilityGlobals) = postSolution
		SolutionGuid = {520C58C9-BBA5-46BF-B7A1-31497AD01761}
	EndGlobalSection
EndGlobal
